// !$*UTF8*$!
{
	archiveVersion = 1;
	classes = {
	};
	objectVersion = 56;
	objects = {

/* Begin PBXBuildFile section */
		BA292962298419E600E09CCC /* AppDelegate.swift in Sources */ = {isa = PBXBuildFile; fileRef = BA292961298419E600E09CCC /* AppDelegate.swift */; };
		BA292964298419E600E09CCC /* SceneDelegate.swift in Sources */ = {isa = PBXBuildFile; fileRef = BA292963298419E600E09CCC /* SceneDelegate.swift */; };
		BA292969298419E600E09CCC /* Main.storyboard in Resources */ = {isa = PBXBuildFile; fileRef = BA292967298419E600E09CCC /* Main.storyboard */; };
		BA29296B298419E900E09CCC /* Assets.xcassets in Resources */ = {isa = PBXBuildFile; fileRef = BA29296A298419E900E09CCC /* Assets.xcassets */; };
		BA29296E298419E900E09CCC /* LaunchScreen.storyboard in Resources */ = {isa = PBXBuildFile; fileRef = BA29296C298419E900E09CCC /* LaunchScreen.storyboard */; };
		BA29297729841A5600E09CCC /* PokemonApi.swift in Sources */ = {isa = PBXBuildFile; fileRef = BA29297629841A5600E09CCC /* PokemonApi.swift */; };
		BA29297A29841C8100E09CCC /* AllPokemonsResponse.swift in Sources */ = {isa = PBXBuildFile; fileRef = BA29297929841C8100E09CCC /* AllPokemonsResponse.swift */; };
		BA29297C29841DD800E09CCC /* PokemonResult.swift in Sources */ = {isa = PBXBuildFile; fileRef = BA29297B29841DD800E09CCC /* PokemonResult.swift */; };
		BA29297F2984279C00E09CCC /* PokemonListViewController.swift in Sources */ = {isa = PBXBuildFile; fileRef = BA29297E2984279C00E09CCC /* PokemonListViewController.swift */; };
		BA2929812984294200E09CCC /* PokemonListViewModel.swift in Sources */ = {isa = PBXBuildFile; fileRef = BA2929802984294200E09CCC /* PokemonListViewModel.swift */; };
/* End PBXBuildFile section */

/* Begin PBXFileReference section */
		BA29295E298419E600E09CCC /* pokemondongo.app */ = {isa = PBXFileReference; explicitFileType = wrapper.application; includeInIndex = 0; path = pokemondongo.app; sourceTree = BUILT_PRODUCTS_DIR; };
		BA292961298419E600E09CCC /* AppDelegate.swift */ = {isa = PBXFileReference; lastKnownFileType = sourcecode.swift; path = AppDelegate.swift; sourceTree = "<group>"; };
		BA292963298419E600E09CCC /* SceneDelegate.swift */ = {isa = PBXFileReference; lastKnownFileType = sourcecode.swift; path = SceneDelegate.swift; sourceTree = "<group>"; };
		BA292968298419E600E09CCC /* Base */ = {isa = PBXFileReference; lastKnownFileType = file.storyboard; name = Base; path = Base.lproj/Main.storyboard; sourceTree = "<group>"; };
		BA29296A298419E900E09CCC /* Assets.xcassets */ = {isa = PBXFileReference; lastKnownFileType = folder.assetcatalog; path = Assets.xcassets; sourceTree = "<group>"; };
		BA29296D298419E900E09CCC /* Base */ = {isa = PBXFileReference; lastKnownFileType = file.storyboard; name = Base; path = Base.lproj/LaunchScreen.storyboard; sourceTree = "<group>"; };
		BA29296F298419E900E09CCC /* Info.plist */ = {isa = PBXFileReference; lastKnownFileType = text.plist.xml; path = Info.plist; sourceTree = "<group>"; };
		BA29297629841A5600E09CCC /* PokemonApi.swift */ = {isa = PBXFileReference; lastKnownFileType = sourcecode.swift; path = PokemonApi.swift; sourceTree = "<group>"; };
		BA29297929841C8100E09CCC /* AllPokemonsResponse.swift */ = {isa = PBXFileReference; lastKnownFileType = sourcecode.swift; path = AllPokemonsResponse.swift; sourceTree = "<group>"; };
		BA29297B29841DD800E09CCC /* PokemonResult.swift */ = {isa = PBXFileReference; lastKnownFileType = sourcecode.swift; path = PokemonResult.swift; sourceTree = "<group>"; };
		BA29297E2984279C00E09CCC /* PokemonListViewController.swift */ = {isa = PBXFileReference; lastKnownFileType = sourcecode.swift; path = PokemonListViewController.swift; sourceTree = "<group>"; };
		BA2929802984294200E09CCC /* PokemonListViewModel.swift */ = {isa = PBXFileReference; lastKnownFileType = sourcecode.swift; path = PokemonListViewModel.swift; sourceTree = "<group>"; };
/* End PBXFileReference section */

/* Begin PBXFrameworksBuildPhase section */
		BA29295B298419E600E09CCC /* Frameworks */ = {
			isa = PBXFrameworksBuildPhase;
			buildActionMask = 2147483647;
			files = (
			);
			runOnlyForDeploymentPostprocessing = 0;
		};
/* End PBXFrameworksBuildPhase section */

/* Begin PBXGroup section */
		BA292955298419E600E09CCC = {
			isa = PBXGroup;
			children = (
				BA292960298419E600E09CCC /* pokemondongo */,
				BA29295F298419E600E09CCC /* Products */,
			);
			sourceTree = "<group>";
		};
		BA29295F298419E600E09CCC /* Products */ = {
			isa = PBXGroup;
			children = (
				BA29295E298419E600E09CCC /* pokemondongo.app */,
			);
			name = Products;
			sourceTree = "<group>";
		};
		BA292960298419E600E09CCC /* pokemondongo */ = {
			isa = PBXGroup;
			children = (
				BA29297D2984277400E09CCC /* PokemonList */,
				BA29297829841C3600E09CCC /* Models */,
				BA29297529841A3A00E09CCC /* Networking */,
				BA292961298419E600E09CCC /* AppDelegate.swift */,
				BA292963298419E600E09CCC /* SceneDelegate.swift */,
				BA292967298419E600E09CCC /* Main.storyboard */,
				BA29296A298419E900E09CCC /* Assets.xcassets */,
				BA29296C298419E900E09CCC /* LaunchScreen.storyboard */,
				BA29296F298419E900E09CCC /* Info.plist */,
			);
			path = pokemondongo;
			sourceTree = "<group>";
		};
		BA29297529841A3A00E09CCC /* Networking */ = {
			isa = PBXGroup;
			children = (
				BA29297629841A5600E09CCC /* PokemonApi.swift */,
			);
			path = Networking;
			sourceTree = "<group>";
		};
		BA29297829841C3600E09CCC /* Models */ = {
			isa = PBXGroup;
			children = (
				BA29297929841C8100E09CCC /* AllPokemonsResponse.swift */,
				BA29297B29841DD800E09CCC /* PokemonResult.swift */,
			);
			path = Models;
			sourceTree = "<group>";
		};
		BA29297D2984277400E09CCC /* PokemonList */ = {
			isa = PBXGroup;
			children = (
				BA29297E2984279C00E09CCC /* PokemonListViewController.swift */,
				BA2929802984294200E09CCC /* PokemonListViewModel.swift */,
			);
			path = PokemonList;
			sourceTree = "<group>";
		};
/* End PBXGroup section */

/* Begin PBXNativeTarget section */
		BA29295D298419E600E09CCC /* pokemondongo */ = {
			isa = PBXNativeTarget;
			buildConfigurationList = BA292972298419E900E09CCC /* Build configuration list for PBXNativeTarget "pokemondongo" */;
			buildPhases = (
				BA29295A298419E600E09CCC /* Sources */,
				BA29295B298419E600E09CCC /* Frameworks */,
				BA29295C298419E600E09CCC /* Resources */,
			);
			buildRules = (
			);
			dependencies = (
			);
			name = pokemondongo;
			productName = pokemondongo;
			productReference = BA29295E298419E600E09CCC /* pokemondongo.app */;
			productType = "com.apple.product-type.application";
		};
/* End PBXNativeTarget section */

/* Begin PBXProject section */
		BA292956298419E600E09CCC /* Project object */ = {
			isa = PBXProject;
			attributes = {
				BuildIndependentTargetsInParallel = 1;
				LastSwiftUpdateCheck = 1410;
				LastUpgradeCheck = 1410;
				TargetAttributes = {
					BA29295D298419E600E09CCC = {
						CreatedOnToolsVersion = 14.1;
					};
				};
			};
			buildConfigurationList = BA292959298419E600E09CCC /* Build configuration list for PBXProject "pokemondongo" */;
			compatibilityVersion = "Xcode 14.0";
			developmentRegion = en;
			hasScannedForEncodings = 0;
			knownRegions = (
				en,
				Base,
			);
			mainGroup = BA292955298419E600E09CCC;
			productRefGroup = BA29295F298419E600E09CCC /* Products */;
			projectDirPath = "";
			projectRoot = "";
			targets = (
				BA29295D298419E600E09CCC /* pokemondongo */,
			);
		};
/* End PBXProject section */

/* Begin PBXResourcesBuildPhase section */
		BA29295C298419E600E09CCC /* Resources */ = {
			isa = PBXResourcesBuildPhase;
			buildActionMask = 2147483647;
			files = (
				BA29296E298419E900E09CCC /* LaunchScreen.storyboard in Resources */,
				BA29296B298419E900E09CCC /* Assets.xcassets in Resources */,
				BA292969298419E600E09CCC /* Main.storyboard in Resources */,
			);
			runOnlyForDeploymentPostprocessing = 0;
		};
/* End PBXResourcesBuildPhase section */

/* Begin PBXSourcesBuildPhase section */
		BA29295A298419E600E09CCC /* Sources */ = {
			isa = PBXSourcesBuildPhase;
			buildActionMask = 2147483647;
			files = (
				BA292962298419E600E09CCC /* AppDelegate.swift in Sources */,
				BA29297A29841C8100E09CCC /* AllPokemonsResponse.swift in Sources */,
				BA29297F2984279C00E09CCC /* PokemonListViewController.swift in Sources */,
				BA29297729841A5600E09CCC /* PokemonApi.swift in Sources */,
				BA2929812984294200E09CCC /* PokemonListViewModel.swift in Sources */,
				BA29297C29841DD800E09CCC /* PokemonResult.swift in Sources */,
				BA292964298419E600E09CCC /* SceneDelegate.swift in Sources */,
			);
			runOnlyForDeploymentPostprocessing = 0;
		};
/* End PBXSourcesBuildPhase section */

/* Begin PBXVariantGroup section */
		BA292967298419E600E09CCC /* Main.storyboard */ = {
			isa = PBXVariantGroup;
			children = (
				BA292968298419E600E09CCC /* Base */,
			);
			name = Main.storyboard;
			sourceTree = "<group>";
		};
		BA29296C298419E900E09CCC /* LaunchScreen.storyboard */ = {
			isa = PBXVariantGroup;
			children = (
				BA29296D298419E900E09CCC /* Base */,
			);
			name = LaunchScreen.storyboard;
			sourceTree = "<group>";
		};
/* End PBXVariantGroup section */

/* Begin XCBuildConfiguration section */
		BA292970298419E900E09CCC /* Debug */ = {
			isa = XCBuildConfiguration;
			buildSettings = {
				ALWAYS_SEARCH_USER_PATHS = NO;
				CLANG_ANALYZER_NONNULL = YES;
				CLANG_ANALYZER_NUMBER_OBJECT_CONVERSION = YES_AGGRESSIVE;
				CLANG_CXX_LANGUAGE_STANDARD = "gnu++20";
				CLANG_ENABLE_MODULES = YES;
				CLANG_ENABLE_OBJC_ARC = YES;
				CLANG_ENABLE_OBJC_WEAK = YES;
				CLANG_WARN_BLOCK_CAPTURE_AUTORELEASING = YES;
				CLANG_WARN_BOOL_CONVERSION = YES;
				CLANG_WARN_COMMA = YES;
				CLANG_WARN_CONSTANT_CONVERSION = YES;
				CLANG_WARN_DEPRECATED_OBJC_IMPLEMENTATIONS = YES;
				CLANG_WARN_DIRECT_OBJC_ISA_USAGE = YES_ERROR;
				CLANG_WARN_DOCUMENTATION_COMMENTS = YES;
				CLANG_WARN_EMPTY_BODY = YES;
				CLANG_WARN_ENUM_CONVERSION = YES;
				CLANG_WARN_INFINITE_RECURSION = YES;
				CLANG_WARN_INT_CONVERSION = YES;
				CLANG_WARN_NON_LITERAL_NULL_CONVERSION = YES;
				CLANG_WARN_OBJC_IMPLICIT_RETAIN_SELF = YES;
				CLANG_WARN_OBJC_LITERAL_CONVERSION = YES;
				CLANG_WARN_OBJC_ROOT_CLASS = YES_ERROR;
				CLANG_WARN_QUOTED_INCLUDE_IN_FRAMEWORK_HEADER = YES;
				CLANG_WARN_RANGE_LOOP_ANALYSIS = YES;
				CLANG_WARN_STRICT_PROTOTYPES = YES;
				CLANG_WARN_SUSPICIOUS_MOVE = YES;
				CLANG_WARN_UNGUARDED_AVAILABILITY = YES_AGGRESSIVE;
				CLANG_WARN_UNREACHABLE_CODE = YES;
				CLANG_WARN__DUPLICATE_METHOD_MATCH = YES;
				COPY_PHASE_STRIP = NO;
				DEBUG_INFORMATION_FORMAT = dwarf;
				ENABLE_STRICT_OBJC_MSGSEND = YES;
				ENABLE_TESTABILITY = YES;
				GCC_C_LANGUAGE_STANDARD = gnu11;
				GCC_DYNAMIC_NO_PIC = NO;
				GCC_NO_COMMON_BLOCKS = YES;
				GCC_OPTIMIZATION_LEVEL = 0;
				GCC_PREPROCESSOR_DEFINITIONS = (
					"DEBUG=1",
					"$(inherited)",
				);
				GCC_WARN_64_TO_32_BIT_CONVERSION = YES;
				GCC_WARN_ABOUT_RETURN_TYPE = YES_ERROR;
				GCC_WARN_UNDECLARED_SELECTOR = YES;
				GCC_WARN_UNINITIALIZED_AUTOS = YES_AGGRESSIVE;
				GCC_WARN_UNUSED_FUNCTION = YES;
				GCC_WARN_UNUSED_VARIABLE = YES;
				IPHONEOS_DEPLOYMENT_TARGET = 16.1;
				MTL_ENABLE_DEBUG_INFO = INCLUDE_SOURCE;
				MTL_FAST_MATH = YES;
				ONLY_ACTIVE_ARCH = YES;
				SDKROOT = iphoneos;
				SWIFT_ACTIVE_COMPILATION_CONDITIONS = DEBUG;
				SWIFT_OPTIMIZATION_LEVEL = "-Onone";
			};
			name = Debug;
		};
		BA292971298419E900E09CCC /* Release */ = {
			isa = XCBuildConfiguration;
			buildSettings = {
				ALWAYS_SEARCH_USER_PATHS = NO;
				CLANG_ANALYZER_NONNULL = YES;
				CLANG_ANALYZER_NUMBER_OBJECT_CONVERSION = YES_AGGRESSIVE;
				CLANG_CXX_LANGUAGE_STANDARD = "gnu++20";
				CLANG_ENABLE_MODULES = YES;
				CLANG_ENABLE_OBJC_ARC = YES;
				CLANG_ENABLE_OBJC_WEAK = YES;
				CLANG_WARN_BLOCK_CAPTURE_AUTORELEASING = YES;
				CLANG_WARN_BOOL_CONVERSION = YES;
				CLANG_WARN_COMMA = YES;
				CLANG_WARN_CONSTANT_CONVERSION = YES;
				CLANG_WARN_DEPRECATED_OBJC_IMPLEMENTATIONS = YES;
				CLANG_WARN_DIRECT_OBJC_ISA_USAGE = YES_ERROR;
				CLANG_WARN_DOCUMENTATION_COMMENTS = YES;
				CLANG_WARN_EMPTY_BODY = YES;
				CLANG_WARN_ENUM_CONVERSION = YES;
				CLANG_WARN_INFINITE_RECURSION = YES;
				CLANG_WARN_INT_CONVERSION = YES;
				CLANG_WARN_NON_LITERAL_NULL_CONVERSION = YES;
				CLANG_WARN_OBJC_IMPLICIT_RETAIN_SELF = YES;
				CLANG_WARN_OBJC_LITERAL_CONVERSION = YES;
				CLANG_WARN_OBJC_ROOT_CLASS = YES_ERROR;
				CLANG_WARN_QUOTED_INCLUDE_IN_FRAMEWORK_HEADER = YES;
				CLANG_WARN_RANGE_LOOP_ANALYSIS = YES;
				CLANG_WARN_STRICT_PROTOTYPES = YES;
				CLANG_WARN_SUSPICIOUS_MOVE = YES;
				CLANG_WARN_UNGUARDED_AVAILABILITY = YES_AGGRESSIVE;
				CLANG_WARN_UNREACHABLE_CODE = YES;
				CLANG_WARN__DUPLICATE_METHOD_MATCH = YES;
				COPY_PHASE_STRIP = NO;
				DEBUG_INFORMATION_FORMAT = "dwarf-with-dsym";
				ENABLE_NS_ASSERTIONS = NO;
				ENABLE_STRICT_OBJC_MSGSEND = YES;
				GCC_C_LANGUAGE_STANDARD = gnu11;
				GCC_NO_COMMON_BLOCKS = YES;
				GCC_WARN_64_TO_32_BIT_CONVERSION = YES;
				GCC_WARN_ABOUT_RETURN_TYPE = YES_ERROR;
				GCC_WARN_UNDECLARED_SELECTOR = YES;
				GCC_WARN_UNINITIALIZED_AUTOS = YES_AGGRESSIVE;
				GCC_WARN_UNUSED_FUNCTION = YES;
				GCC_WARN_UNUSED_VARIABLE = YES;
				IPHONEOS_DEPLOYMENT_TARGET = 16.1;
				MTL_ENABLE_DEBUG_INFO = NO;
				MTL_FAST_MATH = YES;
				SDKROOT = iphoneos;
				SWIFT_COMPILATION_MODE = wholemodule;
				SWIFT_OPTIMIZATION_LEVEL = "-O";
				VALIDATE_PRODUCT = YES;
			};
			name = Release;
		};
		BA292973298419E900E09CCC /* Debug */ = {
			isa = XCBuildConfiguration;
			buildSettings = {
				ASSETCATALOG_COMPILER_APPICON_NAME = AppIcon;
				ASSETCATALOG_COMPILER_GLOBAL_ACCENT_COLOR_NAME = AccentColor;
				CODE_SIGN_STYLE = Automatic;
				CURRENT_PROJECT_VERSION = 1;
				DEVELOPMENT_TEAM = 8XY6U22HCM;
				GENERATE_INFOPLIST_FILE = YES;
				INFOPLIST_FILE = pokemondongo/Info.plist;
				INFOPLIST_KEY_UIApplicationSupportsIndirectInputEvents = YES;
				INFOPLIST_KEY_UILaunchStoryboardName = LaunchScreen;
				INFOPLIST_KEY_UIMainStoryboardFile = Main;
				INFOPLIST_KEY_UISupportedInterfaceOrientations_iPad = "UIInterfaceOrientationPortrait UIInterfaceOrientationPortraitUpsideDown UIInterfaceOrientationLandscapeLeft UIInterfaceOrientationLandscapeRight";
				INFOPLIST_KEY_UISupportedInterfaceOrientations_iPhone = "UIInterfaceOrientationPortrait UIInterfaceOrientationLandscapeLeft UIInterfaceOrientationLandscapeRight";
				LD_RUNPATH_SEARCH_PATHS = (
					"$(inherited)",
					"@executable_path/Frameworks",
				);
				MARKETING_VERSION = 1.0;
				PRODUCT_BUNDLE_IDENTIFIER = com.beta.pokemondongo.pokemondongo;
				PRODUCT_NAME = "$(TARGET_NAME)";
				SWIFT_EMIT_LOC_STRINGS = YES;
				SWIFT_VERSION = 5.0;
				TARGETED_DEVICE_FAMILY = "1,2";
			};
			name = Debug;
		};
		BA292974298419E900E09CCC /* Release */ = {
			isa = XCBuildConfiguration;
			buildSettings = {
				ASSETCATALOG_COMPILER_APPICON_NAME = AppIcon;
				ASSETCATALOG_COMPILER_GLOBAL_ACCENT_COLOR_NAME = AccentColor;
				CODE_SIGN_STYLE = Automatic;
				CURRENT_PROJECT_VERSION = 1;
				DEVELOPMENT_TEAM = 8XY6U22HCM;
				GENERATE_INFOPLIST_FILE = YES;
				INFOPLIST_FILE = pokemondongo/Info.plist;
				INFOPLIST_KEY_UIApplicationSupportsIndirectInputEvents = YES;
				INFOPLIST_KEY_UILaunchStoryboardName = LaunchScreen;
				INFOPLIST_KEY_UIMainStoryboardFile = Main;
				INFOPLIST_KEY_UISupportedInterfaceOrientations_iPad = "UIInterfaceOrientationPortrait UIInterfaceOrientationPortraitUpsideDown UIInterfaceOrientationLandscapeLeft UIInterfaceOrientationLandscapeRight";
				INFOPLIST_KEY_UISupportedInterfaceOrientations_iPhone = "UIInterfaceOrientationPortrait UIInterfaceOrientationLandscapeLeft UIInterfaceOrientationLandscapeRight";
				LD_RUNPATH_SEARCH_PATHS = (
					"$(inherited)",
					"@executable_path/Frameworks",
				);
				MARKETING_VERSION = 1.0;
				PRODUCT_BUNDLE_IDENTIFIER = com.beta.pokemondongo.pokemondongo;
				PRODUCT_NAME = "$(TARGET_NAME)";
				SWIFT_EMIT_LOC_STRINGS = YES;
				SWIFT_VERSION = 5.0;
				TARGETED_DEVICE_FAMILY = "1,2";
			};
			name = Release;
		};
/* End XCBuildConfiguration section */

/* Begin XCConfigurationList section */
		BA292959298419E600E09CCC /* Build configuration list for PBXProject "pokemondongo" */ = {
			isa = XCConfigurationList;
			buildConfigurations = (
				BA292970298419E900E09CCC /* Debug */,
				BA292971298419E900E09CCC /* Release */,
			);
			defaultConfigurationIsVisible = 0;
			defaultConfigurationName = Release;
		};
		BA292972298419E900E09CCC /* Build configuration list for PBXNativeTarget "pokemondongo" */ = {
			isa = XCConfigurationList;
			buildConfigurations = (
				BA292973298419E900E09CCC /* Debug */,
				BA292974298419E900E09CCC /* Release */,
			);
			defaultConfigurationIsVisible = 0;
			defaultConfigurationName = Release;
		};
/* End XCConfigurationList section */
	};
	rootObject = BA292956298419E600E09CCC /* Project object */;
}
